
Microsoft Visual Studio Solution File, Format Version 12.00
# Visual Studio 14
VisualStudioVersion = 14.0.25420.1
MinimumVisualStudioVersion = 10.0.40219.1
Project("{FAE04EC0-301F-11D3-BF4B-00C04F79EFBC}") = "SuiteProducts", "SuiteProducts\SuiteProducts.csproj", "{0893C9F1-5B18-44B9-88F2-7E1B2F61A285}"
EndProject
Project("{FAE04EC0-301F-11D3-BF4B-00C04F79EFBC}") = "SuiteProducts.Tests", "SuiteProducts.Tests\SuiteProducts.Tests.csproj", "{8F988B43-BC61-4A9E-A827-56ED9FB7472F}"
EndProject
Global
	GlobalSection(SolutionConfigurationPlatforms) = preSolution
		Debug|Any CPU = Debug|Any CPU
		Release|Any CPU = Release|Any CPU
	EndGlobalSection
	GlobalSection(ProjectConfigurationPlatforms) = postSolution
		{0893C9F1-5B18-44B9-88F2-7E1B2F61A285}.Debug|Any CPU.ActiveCfg = Debug|Any CPU
		{0893C9F1-5B18-44B9-88F2-7E1B2F61A285}.Debug|Any CPU.Build.0 = Debug|Any CPU
		{0893C9F1-5B18-44B9-88F2-7E1B2F61A285}.Release|Any CPU.ActiveCfg = Release|Any CPU
		{0893C9F1-5B18-44B9-88F2-7E1B2F61A285}.Release|Any CPU.Build.0 = Release|Any CPU
		{8F988B43-BC61-4A9E-A827-56ED9FB7472F}.Debug|Any CPU.ActiveCfg = Debug|Any CPU
		{8F988B43-BC61-4A9E-A827-56ED9FB7472F}.Debug|Any CPU.Build.0 = Debug|Any CPU
		{8F988B43-BC61-4A9E-A827-56ED9FB7472F}.Release|Any CPU.ActiveCfg = Release|Any CPU
		{8F988B43-BC61-4A9E-A827-56ED9FB7472F}.Release|Any CPU.Build.0 = Release|Any CPU
	EndGlobalSection
	GlobalSection(SolutionProperties) = preSolution
		HideSolutionNode = FALSE
	EndGlobalSection
EndGlobal
